
Microsoft Visual Studio Solution File, Format Version 12.00
# Visual Studio Version 16
VisualStudioVersion = 16.0.32413.511
MinimumVisualStudioVersion = 10.0.40219.1
Project("{9A19103F-16F7-4668-BE54-9A1E7A4F7556}") = "POM1", "POM1\POM1.csproj", "{0F25FF80-1B70-425D-9152-4D52814AD107}"
EndProject
Project("{FAE04EC0-301F-11D3-BF4B-00C04F79EFBC}") = "URL Library", "URL Library\URL Library.csproj", "{1ABD70C5-CA69-4CD9-8FC3-4EB13550BB74}"
EndProject
Global
	GlobalSection(SolutionConfigurationPlatforms) = preSolution
		Debug|Any CPU = Debug|Any CPU
		Release|Any CPU = Release|Any CPU
	EndGlobalSection
	GlobalSection(ProjectConfigurationPlatforms) = postSolution
		{0F25FF80-1B70-425D-9152-4D52814AD107}.Debug|Any CPU.ActiveCfg = Debug|Any CPU
		{0F25FF80-1B70-425D-9152-4D52814AD107}.Debug|Any CPU.Build.0 = Debug|Any CPU
		{0F25FF80-1B70-425D-9152-4D52814AD107}.Release|Any CPU.ActiveCfg = Release|Any CPU
		{0F25FF80-1B70-425D-9152-4D52814AD107}.Release|Any CPU.Build.0 = Release|Any CPU
		{1ABD70C5-CA69-4CD9-8FC3-4EB13550BB74}.Debug|Any CPU.ActiveCfg = Debug|Any CPU
		{1ABD70C5-CA69-4CD9-8FC3-4EB13550BB74}.Debug|Any CPU.Build.0 = Debug|Any CPU
		{1ABD70C5-CA69-4CD9-8FC3-4EB13550BB74}.Release|Any CPU.ActiveCfg = Release|Any CPU
		{1ABD70C5-CA69-4CD9-8FC3-4EB13550BB74}.Release|Any CPU.Build.0 = Release|Any CPU
	EndGlobalSection
	GlobalSection(SolutionProperties) = preSolution
		HideSolutionNode = FALSE
	EndGlobalSection
	GlobalSection(ExtensibilityGlobals) = postSolution
		SolutionGuid = {83B4ACDC-FA82-42CF-8317-71414CA7DA8D}
	EndGlobalSection
EndGlobal
